// !$*UTF8*$!
{
	archiveVersion = 1;
	classes = {
	};
	objectVersion = 46;
	objects = {

/* Begin PBXBuildFile section */
		4E7212221BE318B5007109E3 /* main.m in Sources */ = {isa = PBXBuildFile; fileRef = 4E7212211BE318B5007109E3 /* main.m */; };
		4E7212251BE318B5007109E3 /* AppDelegate.m in Sources */ = {isa = PBXBuildFile; fileRef = 4E7212241BE318B5007109E3 /* AppDelegate.m */; };
		4E7212281BE318B5007109E3 /* ViewController.m in Sources */ = {isa = PBXBuildFile; fileRef = 4E7212271BE318B5007109E3 /* ViewController.m */; };
		4E72122B1BE318B5007109E3 /* Main.storyboard in Resources */ = {isa = PBXBuildFile; fileRef = 4E7212291BE318B5007109E3 /* Main.storyboard */; };
		4E72122D1BE318B5007109E3 /* Assets.xcassets in Resources */ = {isa = PBXBuildFile; fileRef = 4E72122C1BE318B5007109E3 /* Assets.xcassets */; };
		4E7212301BE318B5007109E3 /* LaunchScreen.storyboard in Resources */ = {isa = PBXBuildFile; fileRef = 4E72122E1BE318B5007109E3 /* LaunchScreen.storyboard */; };
		4E72123B1BE318B5007109E3 /* addTests.m in Sources */ = {isa = PBXBuildFile; fileRef = 4E72123A1BE318B5007109E3 /* addTests.m */; };
		4E7212461BE318B5007109E3 /* addUITests.m in Sources */ = {isa = PBXBuildFile; fileRef = 4E7212451BE318B5007109E3 /* addUITests.m */; };
/* End PBXBuildFile section */

/* Begin PBXContainerItemProxy section */
		4E7212371BE318B5007109E3 /* PBXContainerItemProxy */ = {
			isa = PBXContainerItemProxy;
			containerPortal = 4E7212151BE318B5007109E3 /* Project object */;
			proxyType = 1;
			remoteGlobalIDString = 4E72121C1BE318B5007109E3;
			remoteInfo = add;
		};
		4E7212421BE318B5007109E3 /* PBXContainerItemProxy */ = {
			isa = PBXContainerItemProxy;
			containerPortal = 4E7212151BE318B5007109E3 /* Project object */;
			proxyType = 1;
			remoteGlobalIDString = 4E72121C1BE318B5007109E3;
			remoteInfo = add;
		};
/* End PBXContainerItemProxy section */

/* Begin PBXFileReference section */
		4E72121D1BE318B5007109E3 /* add.app */ = {isa = PBXFileReference; explicitFileType = wrapper.application; includeInIndex = 0; path = add.app; sourceTree = BUILT_PRODUCTS_DIR; };
		4E7212211BE318B5007109E3 /* main.m */ = {isa = PBXFileReference; lastKnownFileType = sourcecode.c.objc; path = main.m; sourceTree = "<group>"; };
		4E7212231BE318B5007109E3 /* AppDelegate.h */ = {isa = PBXFileReference; lastKnownFileType = sourcecode.c.h; path = AppDelegate.h; sourceTree = "<group>"; };
		4E7212241BE318B5007109E3 /* AppDelegate.m */ = {isa = PBXFileReference; lastKnownFileType = sourcecode.c.objc; path = AppDelegate.m; sourceTree = "<group>"; };
		4E7212261BE318B5007109E3 /* ViewController.h */ = {isa = PBXFileReference; lastKnownFileType = sourcecode.c.h; path = ViewController.h; sourceTree = "<group>"; };
		4E7212271BE318B5007109E3 /* ViewController.m */ = {isa = PBXFileReference; lastKnownFileType = sourcecode.c.objc; path = ViewController.m; sourceTree = "<group>"; };
		4E72122A1BE318B5007109E3 /* Base */ = {isa = PBXFileReference; lastKnownFileType = file.storyboard; name = Base; path = Base.lproj/Main.storyboard; sourceTree = "<group>"; };
		4E72122C1BE318B5007109E3 /* Assets.xcassets */ = {isa = PBXFileReference; lastKnownFileType = folder.assetcatalog; path = Assets.xcassets; sourceTree = "<group>"; };
		4E72122F1BE318B5007109E3 /* Base */ = {isa = PBXFileReference; lastKnownFileType = file.storyboard; name = Base; path = Base.lproj/LaunchScreen.storyboard; sourceTree = "<group>"; };
		4E7212311BE318B5007109E3 /* Info.plist */ = {isa = PBXFileReference; lastKnownFileType = text.plist.xml; path = Info.plist; sourceTree = "<group>"; };
		4E7212361BE318B5007109E3 /* addTests.xctest */ = {isa = PBXFileReference; explicitFileType = wrapper.cfbundle; includeInIndex = 0; path = addTests.xctest; sourceTree = BUILT_PRODUCTS_DIR; };
		4E72123A1BE318B5007109E3 /* addTests.m */ = {isa = PBXFileReference; lastKnownFileType = sourcecode.c.objc; path = addTests.m; sourceTree = "<group>"; };
		4E72123C1BE318B5007109E3 /* Info.plist */ = {isa = PBXFileReference; lastKnownFileType = text.plist.xml; path = Info.plist; sourceTree = "<group>"; };
		4E7212411BE318B5007109E3 /* addUITests.xctest */ = {isa = PBXFileReference; explicitFileType = wrapper.cfbundle; includeInIndex = 0; path = addUITests.xctest; sourceTree = BUILT_PRODUCTS_DIR; };
		4E7212451BE318B5007109E3 /* addUITests.m */ = {isa = PBXFileReference; lastKnownFileType = sourcecode.c.objc; path = addUITests.m; sourceTree = "<group>"; };
		4E7212471BE318B5007109E3 /* Info.plist */ = {isa = PBXFileReference; lastKnownFileType = text.plist.xml; path = Info.plist; sourceTree = "<group>"; };
/* End PBXFileReference section */

/* Begin PBXFrameworksBuildPhase section */
		4E72121A1BE318B5007109E3 /* Frameworks */ = {
			isa = PBXFrameworksBuildPhase;
			buildActionMask = 2147483647;
			files = (
			);
			runOnlyForDeploymentPostprocessing = 0;
		};
		4E7212331BE318B5007109E3 /* Frameworks */ = {
			isa = PBXFrameworksBuildPhase;
			buildActionMask = 2147483647;
			files = (
			);
			runOnlyForDeploymentPostprocessing = 0;
		};
		4E72123E1BE318B5007109E3 /* Frameworks */ = {
			isa = PBXFrameworksBuildPhase;
			buildActionMask = 2147483647;
			files = (
			);
			runOnlyForDeploymentPostprocessing = 0;
		};
/* End PBXFrameworksBuildPhase section */

/* Begin PBXGroup section */
		4E7212141BE318B5007109E3 = {
			isa = PBXGroup;
			children = (
				4E72121F1BE318B5007109E3 /* add */,
				4E7212391BE318B5007109E3 /* addTests */,
				4E7212441BE318B5007109E3 /* addUITests */,
				4E72121E1BE318B5007109E3 /* Products */,
			);
			sourceTree = "<group>";
		};
		4E72121E1BE318B5007109E3 /* Products */ = {
			isa = PBXGroup;
			children = (
				4E72121D1BE318B5007109E3 /* add.app */,
				4E7212361BE318B5007109E3 /* addTests.xctest */,
				4E7212411BE318B5007109E3 /* addUITests.xctest */,
			);
			name = Products;
			sourceTree = "<group>";
		};
		4E72121F1BE318B5007109E3 /* add */ = {
			isa = PBXGroup;
			children = (
				4E7212231BE318B5007109E3 /* AppDelegate.h */,
				4E7212241BE318B5007109E3 /* AppDelegate.m */,
				4E7212261BE318B5007109E3 /* ViewController.h */,
				4E7212271BE318B5007109E3 /* ViewController.m */,
				4E7212291BE318B5007109E3 /* Main.storyboard */,
				4E72122C1BE318B5007109E3 /* Assets.xcassets */,
				4E72122E1BE318B5007109E3 /* LaunchScreen.storyboard */,
				4E7212311BE318B5007109E3 /* Info.plist */,
				4E7212201BE318B5007109E3 /* Supporting Files */,
			);
			path = add;
			sourceTree = "<group>";
		};
		4E7212201BE318B5007109E3 /* Supporting Files */ = {
			isa = PBXGroup;
			children = (
				4E7212211BE318B5007109E3 /* main.m */,
			);
			name = "Supporting Files";
			sourceTree = "<group>";
		};
		4E7212391BE318B5007109E3 /* addTests */ = {
			isa = PBXGroup;
			children = (
				4E72123A1BE318B5007109E3 /* addTests.m */,
				4E72123C1BE318B5007109E3 /* Info.plist */,
			);
			path = addTests;
			sourceTree = "<group>";
		};
		4E7212441BE318B5007109E3 /* addUITests */ = {
			isa = PBXGroup;
			children = (
				4E7212451BE318B5007109E3 /* addUITests.m */,
				4E7212471BE318B5007109E3 /* Info.plist */,
			);
			path = addUITests;
			sourceTree = "<group>";
		};
/* End PBXGroup section */

/* Begin PBXNativeTarget section */
		4E72121C1BE318B5007109E3 /* add */ = {
			isa = PBXNativeTarget;
			buildConfigurationList = 4E72124A1BE318B5007109E3 /* Build configuration list for PBXNativeTarget "add" */;
			buildPhases = (
				4E7212191BE318B5007109E3 /* Sources */,
				4E72121A1BE318B5007109E3 /* Frameworks */,
				4E72121B1BE318B5007109E3 /* Resources */,
			);
			buildRules = (
			);
			dependencies = (
			);
			name = add;
			productName = add;
			productReference = 4E72121D1BE318B5007109E3 /* add.app */;
			productType = "com.apple.product-type.application";
		};
		4E7212351BE318B5007109E3 /* addTests */ = {
			isa = PBXNativeTarget;
			buildConfigurationList = 4E72124D1BE318B5007109E3 /* Build configuration list for PBXNativeTarget "addTests" */;
			buildPhases = (
				4E7212321BE318B5007109E3 /* Sources */,
				4E7212331BE318B5007109E3 /* Frameworks */,
				4E7212341BE318B5007109E3 /* Resources */,
			);
			buildRules = (
			);
			dependencies = (
				4E7212381BE318B5007109E3 /* PBXTargetDependency */,
			);
			name = addTests;
			productName = addTests;
			productReference = 4E7212361BE318B5007109E3 /* addTests.xctest */;
			productType = "com.apple.product-type.bundle.unit-test";
		};
		4E7212401BE318B5007109E3 /* addUITests */ = {
			isa = PBXNativeTarget;
			buildConfigurationList = 4E7212501BE318B5007109E3 /* Build configuration list for PBXNativeTarget "addUITests" */;
			buildPhases = (
				4E72123D1BE318B5007109E3 /* Sources */,
				4E72123E1BE318B5007109E3 /* Frameworks */,
				4E72123F1BE318B5007109E3 /* Resources */,
			);
			buildRules = (
			);
			dependencies = (
				4E7212431BE318B5007109E3 /* PBXTargetDependency */,
			);
			name = addUITests;
			productName = addUITests;
			productReference = 4E7212411BE318B5007109E3 /* addUITests.xctest */;
			productType = "com.apple.product-type.bundle.ui-testing";
		};
/* End PBXNativeTarget section */

/* Begin PBXProject section */
		4E7212151BE318B5007109E3 /* Project object */ = {
			isa = PBXProject;
			attributes = {
				LastUpgradeCheck = 0700;
				ORGANIZATIONNAME = Tarena;
				TargetAttributes = {
					4E72121C1BE318B5007109E3 = {
						CreatedOnToolsVersion = 7.0.1;
					};
					4E7212351BE318B5007109E3 = {
						CreatedOnToolsVersion = 7.0.1;
						TestTargetID = 4E72121C1BE318B5007109E3;
					};
					4E7212401BE318B5007109E3 = {
						CreatedOnToolsVersion = 7.0.1;
						TestTargetID = 4E72121C1BE318B5007109E3;
					};
				};
			};
			buildConfigurationList = 4E7212181BE318B5007109E3 /* Build configuration list for PBXProject "add" */;
			compatibilityVersion = "Xcode 3.2";
			developmentRegion = English;
			hasScannedForEncodings = 0;
			knownRegions = (
				en,
				Base,
			);
			mainGroup = 4E7212141BE318B5007109E3;
			productRefGroup = 4E72121E1BE318B5007109E3 /* Products */;
			projectDirPath = "";
			projectRoot = "";
			targets = (
				4E72121C1BE318B5007109E3 /* add */,
				4E7212351BE318B5007109E3 /* addTests */,
				4E7212401BE318B5007109E3 /* addUITests */,
			);
		};
/* End PBXProject section */

/* Begin PBXResourcesBuildPhase section */
		4E72121B1BE318B5007109E3 /* Resources */ = {
			isa = PBXResourcesBuildPhase;
			buildActionMask = 2147483647;
			files = (
				4E7212301BE318B5007109E3 /* LaunchScreen.storyboard in Resources */,
				4E72122D1BE318B5007109E3 /* Assets.xcassets in Resources */,
				4E72122B1BE318B5007109E3 /* Main.storyboard in Resources */,
			);
			runOnlyForDeploymentPostprocessing = 0;
		};
		4E7212341BE318B5007109E3 /* Resources */ = {
			isa = PBXResourcesBuildPhase;
			buildActionMask = 2147483647;
			files = (
			);
			runOnlyForDeploymentPostprocessing = 0;
		};
		4E72123F1BE318B5007109E3 /* Resources */ = {
			isa = PBXResourcesBuildPhase;
			buildActionMask = 2147483647;
			files = (
			);
			runOnlyForDeploymentPostprocessing = 0;
		};
/* End PBXResourcesBuildPhase section */

/* Begin PBXSourcesBuildPhase section */
		4E7212191BE318B5007109E3 /* Sources */ = {
			isa = PBXSourcesBuildPhase;
			buildActionMask = 2147483647;
			files = (
				4E7212281BE318B5007109E3 /* ViewController.m in Sources */,
				4E7212251BE318B5007109E3 /* AppDelegate.m in Sources */,
				4E7212221BE318B5007109E3 /* main.m in Sources */,
			);
			runOnlyForDeploymentPostprocessing = 0;
		};
		4E7212321BE318B5007109E3 /* Sources */ = {
			isa = PBXSourcesBuildPhase;
			buildActionMask = 2147483647;
			files = (
				4E72123B1BE318B5007109E3 /* addTests.m in Sources */,
			);
			runOnlyForDeploymentPostprocessing = 0;
		};
		4E72123D1BE318B5007109E3 /* Sources */ = {
			isa = PBXSourcesBuildPhase;
			buildActionMask = 2147483647;
			files = (
				4E7212461BE318B5007109E3 /* addUITests.m in Sources */,
			);
			runOnlyForDeploymentPostprocessing = 0;
		};
/* End PBXSourcesBuildPhase section */

/* Begin PBXTargetDependency section */
		4E7212381BE318B5007109E3 /* PBXTargetDependency */ = {
			isa = PBXTargetDependency;
			target = 4E72121C1BE318B5007109E3 /* add */;
			targetProxy = 4E7212371BE318B5007109E3 /* PBXContainerItemProxy */;
		};
		4E7212431BE318B5007109E3 /* PBXTargetDependency */ = {
			isa = PBXTargetDependency;
			target = 4E72121C1BE318B5007109E3 /* add */;
			targetProxy = 4E7212421BE318B5007109E3 /* PBXContainerItemProxy */;
		};
/* End PBXTargetDependency section */

/* Begin PBXVariantGroup section */
		4E7212291BE318B5007109E3 /* Main.storyboard */ = {
			isa = PBXVariantGroup;
			children = (
				4E72122A1BE318B5007109E3 /* Base */,
			);
			name = Main.storyboard;
			sourceTree = "<group>";
		};
		4E72122E1BE318B5007109E3 /* LaunchScreen.storyboard */ = {
			isa = PBXVariantGroup;
			children = (
				4E72122F1BE318B5007109E3 /* Base */,
			);
			name = LaunchScreen.storyboard;
			sourceTree = "<group>";
		};
/* End PBXVariantGroup section */

/* Begin XCBuildConfiguration section */
		4E7212481BE318B5007109E3 /* Debug */ = {
			isa = XCBuildConfiguration;
			buildSettings = {
				ALWAYS_SEARCH_USER_PATHS = NO;
				CLANG_CXX_LANGUAGE_STANDARD = "gnu++0x";
				CLANG_CXX_LIBRARY = "libc++";
				CLANG_ENABLE_MODULES = YES;
				CLANG_ENABLE_OBJC_ARC = YES;
				CLANG_WARN_BOOL_CONVERSION = YES;
				CLANG_WARN_CONSTANT_CONVERSION = YES;
				CLANG_WARN_DIRECT_OBJC_ISA_USAGE = YES_ERROR;
				CLANG_WARN_EMPTY_BODY = YES;
				CLANG_WARN_ENUM_CONVERSION = YES;
				CLANG_WARN_INT_CONVERSION = YES;
				CLANG_WARN_OBJC_ROOT_CLASS = YES_ERROR;
				CLANG_WARN_UNREACHABLE_CODE = YES;
				CLANG_WARN__DUPLICATE_METHOD_MATCH = YES;
				"CODE_SIGN_IDENTITY[sdk=iphoneos*]" = "iPhone Developer";
				COPY_PHASE_STRIP = NO;
				DEBUG_INFORMATION_FORMAT = dwarf;
				ENABLE_STRICT_OBJC_MSGSEND = YES;
				ENABLE_TESTABILITY = YES;
				GCC_C_LANGUAGE_STANDARD = gnu99;
				GCC_DYNAMIC_NO_PIC = NO;
				GCC_NO_COMMON_BLOCKS = YES;
				GCC_OPTIMIZATION_LEVEL = 0;
				GCC_PREPROCESSOR_DEFINITIONS = (
					"DEBUG=1",
					"$(inherited)",
				);
				GCC_WARN_64_TO_32_BIT_CONVERSION = YES;
				GCC_WARN_ABOUT_RETURN_TYPE = YES_ERROR;
				GCC_WARN_UNDECLARED_SELECTOR = YES;
				GCC_WARN_UNINITIALIZED_AUTOS = YES_AGGRESSIVE;
				GCC_WARN_UNUSED_FUNCTION = YES;
				GCC_WARN_UNUSED_VARIABLE = YES;
				IPHONEOS_DEPLOYMENT_TARGET = 9.0;
				MTL_ENABLE_DEBUG_INFO = YES;
				ONLY_ACTIVE_ARCH = YES;
				SDKROOT = iphoneos;
			};
			name = Debug;
		};
		4E7212491BE318B5007109E3 /* Release */ = {
			isa = XCBuildConfiguration;
			buildSettings = {
				ALWAYS_SEARCH_USER_PATHS = NO;
				CLANG_CXX_LANGUAGE_STANDARD = "gnu++0x";
				CLANG_CXX_LIBRARY = "libc++";
				CLANG_ENABLE_MODULES = YES;
				CLANG_ENABLE_OBJC_ARC = YES;
				CLANG_WARN_BOOL_CONVERSION = YES;
				CLANG_WARN_CONSTANT_CONVERSION = YES;
				CLANG_WARN_DIRECT_OBJC_ISA_USAGE = YES_ERROR;
				CLANG_WARN_EMPTY_BODY = YES;
				CLANG_WARN_ENUM_CONVERSION = YES;
				CLANG_WARN_INT_CONVERSION = YES;
				CLANG_WARN_OBJC_ROOT_CLASS = YES_ERROR;
				CLANG_WARN_UNREACHABLE_CODE = YES;
				CLANG_WARN__DUPLICATE_METHOD_MATCH = YES;
				"CODE_SIGN_IDENTITY[sdk=iphoneos*]" = "iPhone Developer";
				COPY_PHASE_STRIP = NO;
				DEBUG_INFORMATION_FORMAT = "dwarf-with-dsym";
				ENABLE_NS_ASSERTIONS = NO;
				ENABLE_STRICT_OBJC_MSGSEND = YES;
				GCC_C_LANGUAGE_STANDARD = gnu99;
				GCC_NO_COMMON_BLOCKS = YES;
				GCC_WARN_64_TO_32_BIT_CONVERSION = YES;
				GCC_WARN_ABOUT_RETURN_TYPE = YES_ERROR;
				GCC_WARN_UNDECLARED_SELECTOR = YES;
				GCC_WARN_UNINITIALIZED_AUTOS = YES_AGGRESSIVE;
				GCC_WARN_UNUSED_FUNCTION = YES;
				GCC_WARN_UNUSED_VARIABLE = YES;
				IPHONEOS_DEPLOYMENT_TARGET = 9.0;
				MTL_ENABLE_DEBUG_INFO = NO;
				SDKROOT = iphoneos;
				VALIDATE_PRODUCT = YES;
			};
			name = Release;
		};
		4E72124B1BE318B5007109E3 /* Debug */ = {
			isa = XCBuildConfiguration;
			buildSettings = {
				ASSETCATALOG_COMPILER_APPICON_NAME = AppIcon;
				INFOPLIST_FILE = add/Info.plist;
				LD_RUNPATH_SEARCH_PATHS = "$(inherited) @executable_path/Frameworks";
				PRODUCT_BUNDLE_IDENTIFIER = com.Tarena.add;
				PRODUCT_NAME = "$(TARGET_NAME)";
			};
			name = Debug;
		};
		4E72124C1BE318B5007109E3 /* Release */ = {
			isa = XCBuildConfiguration;
			buildSettings = {
				ASSETCATALOG_COMPILER_APPICON_NAME = AppIcon;
				INFOPLIST_FILE = add/Info.plist;
				LD_RUNPATH_SEARCH_PATHS = "$(inherited) @executable_path/Frameworks";
				PRODUCT_BUNDLE_IDENTIFIER = com.Tarena.add;
				PRODUCT_NAME = "$(TARGET_NAME)";
			};
			name = Release;
		};
		4E72124E1BE318B5007109E3 /* Debug */ = {
			isa = XCBuildConfiguration;
			buildSettings = {
				BUNDLE_LOADER = "$(TEST_HOST)";
				INFOPLIST_FILE = addTests/Info.plist;
				LD_RUNPATH_SEARCH_PATHS = "$(inherited) @executable_path/Frameworks @loader_path/Frameworks";
				PRODUCT_BUNDLE_IDENTIFIER = com.Tarena.addTests;
				PRODUCT_NAME = "$(TARGET_NAME)";
				TEST_HOST = "$(BUILT_PRODUCTS_DIR)/add.app/add";
			};
			name = Debug;
		};
		4E72124F1BE318B5007109E3 /* Release */ = {
			isa = XCBuildConfiguration;
			buildSettings = {
				BUNDLE_LOADER = "$(TEST_HOST)";
				INFOPLIST_FILE = addTests/Info.plist;
				LD_RUNPATH_SEARCH_PATHS = "$(inherited) @executable_path/Frameworks @loader_path/Frameworks";
				PRODUCT_BUNDLE_IDENTIFIER = com.Tarena.addTests;
				PRODUCT_NAME = "$(TARGET_NAME)";
				TEST_HOST = "$(BUILT_PRODUCTS_DIR)/add.app/add";
			};
			name = Release;
		};
		4E7212511BE318B5007109E3 /* Debug */ = {
			isa = XCBuildConfiguration;
			buildSettings = {
				INFOPLIST_FILE = addUITests/Info.plist;
				LD_RUNPATH_SEARCH_PATHS = "$(inherited) @executable_path/Frameworks @loader_path/Frameworks";
				PRODUCT_BUNDLE_IDENTIFIER = com.Tarena.addUITests;
				PRODUCT_NAME = "$(TARGET_NAME)";
				TEST_TARGET_NAME = add;
				USES_XCTRUNNER = YES;
			};
			name = Debug;
		};
		4E7212521BE318B5007109E3 /* Release */ = {
			isa = XCBuildConfiguration;
			buildSettings = {
				INFOPLIST_FILE = addUITests/Info.plist;
				LD_RUNPATH_SEARCH_PATHS = "$(inherited) @executable_path/Frameworks @loader_path/Frameworks";
				PRODUCT_BUNDLE_IDENTIFIER = com.Tarena.addUITests;
				PRODUCT_NAME = "$(TARGET_NAME)";
				TEST_TARGET_NAME = add;
				USES_XCTRUNNER = YES;
			};
			name = Release;
		};
/* End XCBuildConfiguration section */

/* Begin XCConfigurationList section */
		4E7212181BE318B5007109E3 /* Build configuration list for PBXProject "add" */ = {
			isa = XCConfigurationList;
			buildConfigurations = (
				4E7212481BE318B5007109E3 /* Debug */,
				4E7212491BE318B5007109E3 /* Release */,
			);
			defaultConfigurationIsVisible = 0;
			defaultConfigurationName = Release;
		};
		4E72124A1BE318B5007109E3 /* Build configuration list for PBXNativeTarget "add" */ = {
			isa = XCConfigurationList;
			buildConfigurations = (
				4E72124B1BE318B5007109E3 /* Debug */,
				4E72124C1BE318B5007109E3 /* Release */,
			);
			defaultConfigurationIsVisible = 0;
		};
		4E72124D1BE318B5007109E3 /* Build configuration list for PBXNativeTarget "addTests" */ = {
			isa = XCConfigurationList;
			buildConfigurations = (
				4E72124E1BE318B5007109E3 /* Debug */,
				4E72124F1BE318B5007109E3 /* Release */,
			);
			defaultConfigurationIsVisible = 0;
		};
		4E7212501BE318B5007109E3 /* Build configuration list for PBXNativeTarget "addUITests" */ = {
			isa = XCConfigurationList;
			buildConfigurations = (
				4E7212511BE318B5007109E3 /* Debug */,
				4E7212521BE318B5007109E3 /* Release */,
			);
			defaultConfigurationIsVisible = 0;
		};
/* End XCConfigurationList section */
	};
	rootObject = 4E7212151BE318B5007109E3 /* Project object */;
}
